
Microsoft Visual Studio Solution File, Format Version 12.00
# Visual Studio Version 16
VisualStudioVersion = 16.0.30804.86
MinimumVisualStudioVersion = 10.0.40219.1
Project("{9A19103F-16F7-4668-BE54-9A1E7A4F7556}") = "MultiplexingSocket.Protocol", "MultiplexingSocket.Protocol\MultiplexingSocket.Protocol.csproj", "{33FBDBCE-A767-4B8E-B200-E425EF4920B2}"
EndProject
Project("{FAE04EC0-301F-11D3-BF4B-00C04F79EFBC}") = "MultiplexingSocket.Test", "MultiplexingSocket.Test\MultiplexingSocket.Test.csproj", "{4F7D915A-483A-49AE-90F7-C5C628C4CCDB}"
EndProject
Global
	GlobalSection(SolutionConfigurationPlatforms) = preSolution
		Debug|Any CPU = Debug|Any CPU
		Release|Any CPU = Release|Any CPU
	EndGlobalSection
	GlobalSection(ProjectConfigurationPlatforms) = postSolution
		{33FBDBCE-A767-4B8E-B200-E425EF4920B2}.Debug|Any CPU.ActiveCfg = Debug|Any CPU
		{33FBDBCE-A767-4B8E-B200-E425EF4920B2}.Debug|Any CPU.Build.0 = Debug|Any CPU
		{33FBDBCE-A767-4B8E-B200-E425EF4920B2}.Release|Any CPU.ActiveCfg = Release|Any CPU
		{33FBDBCE-A767-4B8E-B200-E425EF4920B2}.Release|Any CPU.Build.0 = Release|Any CPU
		{4F7D915A-483A-49AE-90F7-C5C628C4CCDB}.Debug|Any CPU.ActiveCfg = Debug|Any CPU
		{4F7D915A-483A-49AE-90F7-C5C628C4CCDB}.Debug|Any CPU.Build.0 = Debug|Any CPU
		{4F7D915A-483A-49AE-90F7-C5C628C4CCDB}.Release|Any CPU.ActiveCfg = Release|Any CPU
		{4F7D915A-483A-49AE-90F7-C5C628C4CCDB}.Release|Any CPU.Build.0 = Release|Any CPU
	EndGlobalSection
	GlobalSection(SolutionProperties) = preSolution
		HideSolutionNode = FALSE
	EndGlobalSection
	GlobalSection(ExtensibilityGlobals) = postSolution
		SolutionGuid = {51573A39-CF46-4DDC-9CB4-948B1B0D18EF}
	EndGlobalSection
EndGlobal
