
Microsoft Visual Studio Solution File, Format Version 12.00
# Visual Studio Version 16
VisualStudioVersion = 16.0.30804.86
MinimumVisualStudioVersion = 10.0.40219.1
Project("{9A19103F-16F7-4668-BE54-9A1E7A4F7556}") = "MultiplexingSocket.Protocol", "MultiplexingSocket.Protocol\MultiplexingSocket.Protocol.csproj", "{33FBDBCE-A767-4B8E-B200-E425EF4920B2}"
EndProject
Project("{9A19103F-16F7-4668-BE54-9A1E7A4F7556}") = "MultiplexingSocket.Test", "MultiplexingSocket.Test\MultiplexingSocket.Test.csproj", "{4F7D915A-483A-49AE-90F7-C5C628C4CCDB}"
EndProject
Project("{2150E333-8FDC-42A3-9474-1A3956D46DE8}") = "Sample", "Sample", "{45B9B6E7-9414-4FEA-B397-5B45A63F8EAC}"
EndProject
Project("{FAE04EC0-301F-11D3-BF4B-00C04F79EFBC}") = "Shared", "Sample\Shared\Shared.csproj", "{83AB66AC-9B35-4E8A-AF93-A7A53362693C}"
EndProject
Project("{2150E333-8FDC-42A3-9474-1A3956D46DE8}") = "AddInteger", "AddInteger", "{ECA289E9-E5F0-4912-A7AC-41794ABC08E3}"
EndProject
Project("{9A19103F-16F7-4668-BE54-9A1E7A4F7556}") = "Client", "Sample\AddInteger\Client\Client.csproj", "{363778F2-4846-468F-A14E-84F6B0DA6A0D}"
EndProject
Project("{9A19103F-16F7-4668-BE54-9A1E7A4F7556}") = "Server", "Sample\AddInteger\Server\Server.csproj", "{8CAD8AD9-3FD3-4AA9-8A08-C4C4A2FDC7F7}"
EndProject
Project("{2150E333-8FDC-42A3-9474-1A3956D46DE8}") = "AsyncAddInteger", "AsyncAddInteger", "{0B6BB6BA-8CB8-4C74-9740-D7AF9E43BC44}"
EndProject
Project("{FAE04EC0-301F-11D3-BF4B-00C04F79EFBC}") = "AsyncClient", "Sample\AsyncAddInteger\AsyncClient\AsyncClient.csproj", "{92AC7226-AB99-4FE1-A5AE-661272853BB7}"
EndProject
Project("{FAE04EC0-301F-11D3-BF4B-00C04F79EFBC}") = "AsyncServer", "Sample\AsyncAddInteger\AsyncServer\AsyncServer.csproj", "{AC26B48C-0BE5-4D7F-ADF3-20CCA9936B88}"
EndProject
Global
	GlobalSection(SolutionConfigurationPlatforms) = preSolution
		Debug|Any CPU = Debug|Any CPU
		Release|Any CPU = Release|Any CPU
	EndGlobalSection
	GlobalSection(ProjectConfigurationPlatforms) = postSolution
		{33FBDBCE-A767-4B8E-B200-E425EF4920B2}.Debug|Any CPU.ActiveCfg = Debug|Any CPU
		{33FBDBCE-A767-4B8E-B200-E425EF4920B2}.Debug|Any CPU.Build.0 = Debug|Any CPU
		{33FBDBCE-A767-4B8E-B200-E425EF4920B2}.Release|Any CPU.ActiveCfg = Release|Any CPU
		{33FBDBCE-A767-4B8E-B200-E425EF4920B2}.Release|Any CPU.Build.0 = Release|Any CPU
		{4F7D915A-483A-49AE-90F7-C5C628C4CCDB}.Debug|Any CPU.ActiveCfg = Debug|Any CPU
		{4F7D915A-483A-49AE-90F7-C5C628C4CCDB}.Debug|Any CPU.Build.0 = Debug|Any CPU
		{4F7D915A-483A-49AE-90F7-C5C628C4CCDB}.Release|Any CPU.ActiveCfg = Release|Any CPU
		{4F7D915A-483A-49AE-90F7-C5C628C4CCDB}.Release|Any CPU.Build.0 = Release|Any CPU
		{83AB66AC-9B35-4E8A-AF93-A7A53362693C}.Debug|Any CPU.ActiveCfg = Debug|Any CPU
		{83AB66AC-9B35-4E8A-AF93-A7A53362693C}.Debug|Any CPU.Build.0 = Debug|Any CPU
		{83AB66AC-9B35-4E8A-AF93-A7A53362693C}.Release|Any CPU.ActiveCfg = Release|Any CPU
		{83AB66AC-9B35-4E8A-AF93-A7A53362693C}.Release|Any CPU.Build.0 = Release|Any CPU
		{363778F2-4846-468F-A14E-84F6B0DA6A0D}.Debug|Any CPU.ActiveCfg = Debug|Any CPU
		{363778F2-4846-468F-A14E-84F6B0DA6A0D}.Debug|Any CPU.Build.0 = Debug|Any CPU
		{363778F2-4846-468F-A14E-84F6B0DA6A0D}.Release|Any CPU.ActiveCfg = Release|Any CPU
		{363778F2-4846-468F-A14E-84F6B0DA6A0D}.Release|Any CPU.Build.0 = Release|Any CPU
		{8CAD8AD9-3FD3-4AA9-8A08-C4C4A2FDC7F7}.Debug|Any CPU.ActiveCfg = Debug|Any CPU
		{8CAD8AD9-3FD3-4AA9-8A08-C4C4A2FDC7F7}.Debug|Any CPU.Build.0 = Debug|Any CPU
		{8CAD8AD9-3FD3-4AA9-8A08-C4C4A2FDC7F7}.Release|Any CPU.ActiveCfg = Release|Any CPU
		{8CAD8AD9-3FD3-4AA9-8A08-C4C4A2FDC7F7}.Release|Any CPU.Build.0 = Release|Any CPU
		{92AC7226-AB99-4FE1-A5AE-661272853BB7}.Debug|Any CPU.ActiveCfg = Debug|Any CPU
		{92AC7226-AB99-4FE1-A5AE-661272853BB7}.Debug|Any CPU.Build.0 = Debug|Any CPU
		{92AC7226-AB99-4FE1-A5AE-661272853BB7}.Release|Any CPU.ActiveCfg = Release|Any CPU
		{92AC7226-AB99-4FE1-A5AE-661272853BB7}.Release|Any CPU.Build.0 = Release|Any CPU
		{AC26B48C-0BE5-4D7F-ADF3-20CCA9936B88}.Debug|Any CPU.ActiveCfg = Debug|Any CPU
		{AC26B48C-0BE5-4D7F-ADF3-20CCA9936B88}.Debug|Any CPU.Build.0 = Debug|Any CPU
		{AC26B48C-0BE5-4D7F-ADF3-20CCA9936B88}.Release|Any CPU.ActiveCfg = Release|Any CPU
		{AC26B48C-0BE5-4D7F-ADF3-20CCA9936B88}.Release|Any CPU.Build.0 = Release|Any CPU
	EndGlobalSection
	GlobalSection(SolutionProperties) = preSolution
		HideSolutionNode = FALSE
	EndGlobalSection
	GlobalSection(NestedProjects) = preSolution
		{83AB66AC-9B35-4E8A-AF93-A7A53362693C} = {45B9B6E7-9414-4FEA-B397-5B45A63F8EAC}
		{ECA289E9-E5F0-4912-A7AC-41794ABC08E3} = {45B9B6E7-9414-4FEA-B397-5B45A63F8EAC}
		{363778F2-4846-468F-A14E-84F6B0DA6A0D} = {ECA289E9-E5F0-4912-A7AC-41794ABC08E3}
		{8CAD8AD9-3FD3-4AA9-8A08-C4C4A2FDC7F7} = {ECA289E9-E5F0-4912-A7AC-41794ABC08E3}
		{0B6BB6BA-8CB8-4C74-9740-D7AF9E43BC44} = {45B9B6E7-9414-4FEA-B397-5B45A63F8EAC}
		{92AC7226-AB99-4FE1-A5AE-661272853BB7} = {0B6BB6BA-8CB8-4C74-9740-D7AF9E43BC44}
		{AC26B48C-0BE5-4D7F-ADF3-20CCA9936B88} = {0B6BB6BA-8CB8-4C74-9740-D7AF9E43BC44}
	EndGlobalSection
	GlobalSection(ExtensibilityGlobals) = postSolution
		SolutionGuid = {51573A39-CF46-4DDC-9CB4-948B1B0D18EF}
	EndGlobalSection
EndGlobal
